
Microsoft Visual Studio Solution File, Format Version 12.00
# Visual Studio Version 16
VisualStudioVersion = 16.0.29709.97
MinimumVisualStudioVersion = 10.0.40219.1
Project("{FAE04EC0-301F-11D3-BF4B-00C04F79EFBC}") = "ExampleJsilCompilation", "ExampleJsilCompilation\ExampleJsilCompilation.csproj", "{356E12DF-C267-411B-83E7-B6137ABB4F1D}"
EndProject
Global
	GlobalSection(SolutionConfigurationPlatforms) = preSolution
		Debug|Any CPU = Debug|Any CPU
		Release|Any CPU = Release|Any CPU
	EndGlobalSection
	GlobalSection(ProjectConfigurationPlatforms) = postSolution
		{356E12DF-C267-411B-83E7-B6137ABB4F1D}.Debug|Any CPU.ActiveCfg = Debug|Any CPU
		{356E12DF-C267-411B-83E7-B6137ABB4F1D}.Debug|Any CPU.Build.0 = Debug|Any CPU
		{356E12DF-C267-411B-83E7-B6137ABB4F1D}.Release|Any CPU.ActiveCfg = Release|Any CPU
		{356E12DF-C267-411B-83E7-B6137ABB4F1D}.Release|Any CPU.Build.0 = Release|Any CPU
	EndGlobalSection
	GlobalSection(SolutionProperties) = preSolution
		HideSolutionNode = FALSE
	EndGlobalSection
	GlobalSection(ExtensibilityGlobals) = postSolution
		SolutionGuid = {2C80FD35-B437-4068-986C-125646104B96}
	EndGlobalSection
EndGlobal
